
Microsoft Visual Studio Solution File, Format Version 12.00
# Visual Studio 2012
Project("{FAE04EC0-301F-11D3-BF4B-00C04F79EFBC}") = "TopStory", "TopStory\TopStory.csproj", "{036DB029-0D13-43C5-A3E9-5A5D1C41BF72}"
EndProject
Global
	GlobalSection(SolutionConfigurationPlatforms) = preSolution
		Debug|Any CPU = Debug|Any CPU
		Release|Any CPU = Release|Any CPU
	EndGlobalSection
	GlobalSection(ProjectConfigurationPlatforms) = postSolution
		{036DB029-0D13-43C5-A3E9-5A5D1C41BF72}.Debug|Any CPU.ActiveCfg = Debug|Any CPU
		{036DB029-0D13-43C5-A3E9-5A5D1C41BF72}.Debug|Any CPU.Build.0 = Debug|Any CPU
		{036DB029-0D13-43C5-A3E9-5A5D1C41BF72}.Release|Any CPU.ActiveCfg = Release|Any CPU
		{036DB029-0D13-43C5-A3E9-5A5D1C41BF72}.Release|Any CPU.Build.0 = Release|Any CPU
	EndGlobalSection
	GlobalSection(SolutionProperties) = preSolution
		HideSolutionNode = FALSE
	EndGlobalSection
EndGlobal
